
Microsoft Visual Studio Solution File, Format Version 12.00
# Visual Studio Version 17
VisualStudioVersion = 17.7.34221.43
MinimumVisualStudioVersion = 10.0.40219.1
Project("{FAE04EC0-301F-11D3-BF4B-00C04F79EFBC}") = "palindrome work", "palindrome work\palindrome work.csproj", "{F9433D97-A371-46D2-B94A-B20845389609}"
EndProject
Global
	GlobalSection(SolutionConfigurationPlatforms) = preSolution
		Debug|Any CPU = Debug|Any CPU
		Release|Any CPU = Release|Any CPU
	EndGlobalSection
	GlobalSection(ProjectConfigurationPlatforms) = postSolution
		{F9433D97-A371-46D2-B94A-B20845389609}.Debug|Any CPU.ActiveCfg = Debug|Any CPU
		{F9433D97-A371-46D2-B94A-B20845389609}.Debug|Any CPU.Build.0 = Debug|Any CPU
		{F9433D97-A371-46D2-B94A-B20845389609}.Release|Any CPU.ActiveCfg = Release|Any CPU
		{F9433D97-A371-46D2-B94A-B20845389609}.Release|Any CPU.Build.0 = Release|Any CPU
	EndGlobalSection
	GlobalSection(SolutionProperties) = preSolution
		HideSolutionNode = FALSE
	EndGlobalSection
	GlobalSection(ExtensibilityGlobals) = postSolution
		SolutionGuid = {1C192F7B-8B22-457F-B00F-845BB26C834F}
	EndGlobalSection
EndGlobal
